// !$*UTF8*$!
{
	archiveVersion = 1;
	classes = {
	};
	objectVersion = 56;
	objects = {

/* Begin PBXBuildFile section */
		1572AA9E29E843BA00F23A16 /* Constants.swift in Sources */ = {isa = PBXBuildFile; fileRef = 1572AA9D29E843BA00F23A16 /* Constants.swift */; };
		157EB68329F5C68E0081BA5C /* Database.swift in Sources */ = {isa = PBXBuildFile; fileRef = 157EB68229F5C68E0081BA5C /* Database.swift */; };
		157EB68529F5D41A0081BA5C /* Components.swift in Sources */ = {isa = PBXBuildFile; fileRef = 157EB68429F5D41A0081BA5C /* Components.swift */; };
		15C32CC329F84BA2001D321A /* SkillMappingView.swift in Sources */ = {isa = PBXBuildFile; fileRef = 15C32CC229F84BA2001D321A /* SkillMappingView.swift */; };
		15C32CC529F84BCA001D321A /* RatingView.swift in Sources */ = {isa = PBXBuildFile; fileRef = 15C32CC429F84BCA001D321A /* RatingView.swift */; };
		15C32CC729F84C16001D321A /* SkillMappingHelpView.swift in Sources */ = {isa = PBXBuildFile; fileRef = 15C32CC629F84C16001D321A /* SkillMappingHelpView.swift */; };
		C01C7C1F29F9ED3E00324459 /* pigAnimated.gif in Resources */ = {isa = PBXBuildFile; fileRef = C01C7C1E29F9ED3E00324459 /* pigAnimated.gif */; };
		C03E500729D5D7B600B1FD15 /* FarmilleApp.swift in Sources */ = {isa = PBXBuildFile; fileRef = C03E500629D5D7B600B1FD15 /* FarmilleApp.swift */; };
		C03E500B29D5D7B700B1FD15 /* Assets.xcassets in Resources */ = {isa = PBXBuildFile; fileRef = C03E500A29D5D7B700B1FD15 /* Assets.xcassets */; };
		C03E500E29D5D7B700B1FD15 /* Preview Assets.xcassets in Resources */ = {isa = PBXBuildFile; fileRef = C03E500D29D5D7B700B1FD15 /* Preview Assets.xcassets */; };
		C03E501529D5DC4400B1FD15 /* LoginView.swift in Sources */ = {isa = PBXBuildFile; fileRef = C03E501429D5DC4400B1FD15 /* LoginView.swift */; };
		C03E501729D5DD5C00B1FD15 /* CreateProject.swift in Sources */ = {isa = PBXBuildFile; fileRef = C03E501629D5DD5C00B1FD15 /* CreateProject.swift */; };
		C03E501929D5DDE500B1FD15 /* CreateTask.swift in Sources */ = {isa = PBXBuildFile; fileRef = C03E501829D5DDE500B1FD15 /* CreateTask.swift */; };
		C05427E429F9C0D300886A99 /* GIFWebView.swift in Sources */ = {isa = PBXBuildFile; fileRef = C05427E329F9C0D300886A99 /* GIFWebView.swift */; };
		C05427E729F9C5B500886A99 /* FLAnimatedImage in Frameworks */ = {isa = PBXBuildFile; productRef = C05427E629F9C5B500886A99 /* FLAnimatedImage */; };
		C08CE75529DC6CEC001A8EFD /* IslandView.swift in Sources */ = {isa = PBXBuildFile; fileRef = C08CE75429DC6CEC001A8EFD /* IslandView.swift */; };
		C08CE75729DC99EB001A8EFD /* ProjectView.swift in Sources */ = {isa = PBXBuildFile; fileRef = C08CE75629DC99EB001A8EFD /* ProjectView.swift */; };
/* End PBXBuildFile section */

/* Begin PBXFileReference section */
		1572AA9D29E843BA00F23A16 /* Constants.swift */ = {isa = PBXFileReference; lastKnownFileType = sourcecode.swift; path = Constants.swift; sourceTree = "<group>"; };
		157EB68229F5C68E0081BA5C /* Database.swift */ = {isa = PBXFileReference; lastKnownFileType = sourcecode.swift; path = Database.swift; sourceTree = "<group>"; };
		157EB68429F5D41A0081BA5C /* Components.swift */ = {isa = PBXFileReference; lastKnownFileType = sourcecode.swift; path = Components.swift; sourceTree = "<group>"; };
		15C32CC229F84BA2001D321A /* SkillMappingView.swift */ = {isa = PBXFileReference; lastKnownFileType = sourcecode.swift; path = SkillMappingView.swift; sourceTree = "<group>"; };
		15C32CC429F84BCA001D321A /* RatingView.swift */ = {isa = PBXFileReference; lastKnownFileType = sourcecode.swift; path = RatingView.swift; sourceTree = "<group>"; };
		15C32CC629F84C16001D321A /* SkillMappingHelpView.swift */ = {isa = PBXFileReference; lastKnownFileType = sourcecode.swift; path = SkillMappingHelpView.swift; sourceTree = "<group>"; };
		C01C7C1E29F9ED3E00324459 /* pigAnimated.gif */ = {isa = PBXFileReference; lastKnownFileType = image.gif; path = pigAnimated.gif; sourceTree = "<group>"; };
		C03E500329D5D7B600B1FD15 /* Farmille.app */ = {isa = PBXFileReference; explicitFileType = wrapper.application; includeInIndex = 0; path = Farmille.app; sourceTree = BUILT_PRODUCTS_DIR; };
		C03E500629D5D7B600B1FD15 /* FarmilleApp.swift */ = {isa = PBXFileReference; lastKnownFileType = sourcecode.swift; path = FarmilleApp.swift; sourceTree = "<group>"; };
		C03E500A29D5D7B700B1FD15 /* Assets.xcassets */ = {isa = PBXFileReference; lastKnownFileType = folder.assetcatalog; path = Assets.xcassets; sourceTree = "<group>"; };
		C03E500D29D5D7B700B1FD15 /* Preview Assets.xcassets */ = {isa = PBXFileReference; lastKnownFileType = folder.assetcatalog; path = "Preview Assets.xcassets"; sourceTree = "<group>"; };
		C03E501429D5DC4400B1FD15 /* LoginView.swift */ = {isa = PBXFileReference; lastKnownFileType = sourcecode.swift; path = LoginView.swift; sourceTree = "<group>"; };
		C03E501629D5DD5C00B1FD15 /* CreateProject.swift */ = {isa = PBXFileReference; lastKnownFileType = sourcecode.swift; path = CreateProject.swift; sourceTree = "<group>"; };
		C03E501829D5DDE500B1FD15 /* CreateTask.swift */ = {isa = PBXFileReference; lastKnownFileType = sourcecode.swift; path = CreateTask.swift; sourceTree = "<group>"; };
		C05427E329F9C0D300886A99 /* GIFWebView.swift */ = {isa = PBXFileReference; lastKnownFileType = sourcecode.swift; path = GIFWebView.swift; sourceTree = "<group>"; };
		C08CE75429DC6CEC001A8EFD /* IslandView.swift */ = {isa = PBXFileReference; lastKnownFileType = sourcecode.swift; path = IslandView.swift; sourceTree = "<group>"; };
		C08CE75629DC99EB001A8EFD /* ProjectView.swift */ = {isa = PBXFileReference; lastKnownFileType = sourcecode.swift; path = ProjectView.swift; sourceTree = "<group>"; };
/* End PBXFileReference section */

/* Begin PBXFrameworksBuildPhase section */
		C03E500029D5D7B600B1FD15 /* Frameworks */ = {
			isa = PBXFrameworksBuildPhase;
			buildActionMask = 2147483647;
			files = (
				C05427E729F9C5B500886A99 /* FLAnimatedImage in Frameworks */,
			);
			runOnlyForDeploymentPostprocessing = 0;
		};
/* End PBXFrameworksBuildPhase section */

/* Begin PBXGroup section */
		C03E4FFA29D5D7B600B1FD15 = {
			isa = PBXGroup;
			children = (
				C03E500529D5D7B600B1FD15 /* Farmille */,
				C03E500429D5D7B600B1FD15 /* Products */,
			);
			sourceTree = "<group>";
		};
		C03E500429D5D7B600B1FD15 /* Products */ = {
			isa = PBXGroup;
			children = (
				C03E500329D5D7B600B1FD15 /* Farmille.app */,
			);
			name = Products;
			sourceTree = "<group>";
		};
		C03E500529D5D7B600B1FD15 /* Farmille */ = {
			isa = PBXGroup;
			children = (
				C03E500629D5D7B600B1FD15 /* FarmilleApp.swift */,
				C03E501629D5DD5C00B1FD15 /* CreateProject.swift */,
				C03E501829D5DDE500B1FD15 /* CreateTask.swift */,
				157EB68429F5D41A0081BA5C /* Components.swift */,
				C08CE75429DC6CEC001A8EFD /* IslandView.swift */,
				C03E501429D5DC4400B1FD15 /* LoginView.swift */,
				C08CE75629DC99EB001A8EFD /* ProjectView.swift */,
				15C32CC229F84BA2001D321A /* SkillMappingView.swift */,
				15C32CC429F84BCA001D321A /* RatingView.swift */,
				15C32CC629F84C16001D321A /* SkillMappingHelpView.swift */,
				1572AA9D29E843BA00F23A16 /* Constants.swift */,
				157EB68229F5C68E0081BA5C /* Database.swift */,
				C01C7C1E29F9ED3E00324459 /* pigAnimated.gif */,
				C03E500A29D5D7B700B1FD15 /* Assets.xcassets */,
				C03E500C29D5D7B700B1FD15 /* Preview Content */,
				C05427E329F9C0D300886A99 /* GIFWebView.swift */,
			);
			path = Farmille;
			sourceTree = "<group>";
		};
		C03E500C29D5D7B700B1FD15 /* Preview Content */ = {
			isa = PBXGroup;
			children = (
				C03E500D29D5D7B700B1FD15 /* Preview Assets.xcassets */,
			);
			path = "Preview Content";
			sourceTree = "<group>";
		};
/* End PBXGroup section */

/* Begin PBXNativeTarget section */
		C03E500229D5D7B600B1FD15 /* Farmille */ = {
			isa = PBXNativeTarget;
			buildConfigurationList = C03E501129D5D7B700B1FD15 /* Build configuration list for PBXNativeTarget "Farmille" */;
			buildPhases = (
				C03E4FFF29D5D7B600B1FD15 /* Sources */,
				C03E500029D5D7B600B1FD15 /* Frameworks */,
				C03E500129D5D7B600B1FD15 /* Resources */,
			);
			buildRules = (
			);
			dependencies = (
			);
			name = Farmille;
			packageProductDependencies = (
				C05427E629F9C5B500886A99 /* FLAnimatedImage */,
			);
			productName = Farmille;
			productReference = C03E500329D5D7B600B1FD15 /* Farmille.app */;
			productType = "com.apple.product-type.application";
		};
/* End PBXNativeTarget section */

/* Begin PBXProject section */
		C03E4FFB29D5D7B600B1FD15 /* Project object */ = {
			isa = PBXProject;
			attributes = {
				BuildIndependentTargetsInParallel = 1;
				LastSwiftUpdateCheck = 1420;
				LastUpgradeCheck = 1420;
				TargetAttributes = {
					C03E500229D5D7B600B1FD15 = {
						CreatedOnToolsVersion = 14.2;
					};
				};
			};
			buildConfigurationList = C03E4FFE29D5D7B600B1FD15 /* Build configuration list for PBXProject "Farmille" */;
			compatibilityVersion = "Xcode 14.0";
			developmentRegion = en;
			hasScannedForEncodings = 0;
			knownRegions = (
				en,
				Base,
			);
			mainGroup = C03E4FFA29D5D7B600B1FD15;
			packageReferences = (
				C05427E529F9C5B500886A99 /* XCRemoteSwiftPackageReference "FLAnimatedImage" */,
			);
			productRefGroup = C03E500429D5D7B600B1FD15 /* Products */;
			projectDirPath = "";
			projectRoot = "";
			targets = (
				C03E500229D5D7B600B1FD15 /* Farmille */,
			);
		};
/* End PBXProject section */

/* Begin PBXResourcesBuildPhase section */
		C03E500129D5D7B600B1FD15 /* Resources */ = {
			isa = PBXResourcesBuildPhase;
			buildActionMask = 2147483647;
			files = (
				C03E500E29D5D7B700B1FD15 /* Preview Assets.xcassets in Resources */,
				C01C7C1F29F9ED3E00324459 /* pigAnimated.gif in Resources */,
				C03E500B29D5D7B700B1FD15 /* Assets.xcassets in Resources */,
			);
			runOnlyForDeploymentPostprocessing = 0;
		};
/* End PBXResourcesBuildPhase section */

/* Begin PBXSourcesBuildPhase section */
		C03E4FFF29D5D7B600B1FD15 /* Sources */ = {
			isa = PBXSourcesBuildPhase;
			buildActionMask = 2147483647;
			files = (
				15C32CC529F84BCA001D321A /* RatingView.swift in Sources */,
				C08CE75729DC99EB001A8EFD /* ProjectView.swift in Sources */,
				15C32CC329F84BA2001D321A /* SkillMappingView.swift in Sources */,
				C05427E429F9C0D300886A99 /* GIFWebView.swift in Sources */,
				C03E501529D5DC4400B1FD15 /* LoginView.swift in Sources */,
				C03E501729D5DD5C00B1FD15 /* CreateProject.swift in Sources */,
				1572AA9E29E843BA00F23A16 /* Constants.swift in Sources */,
				C03E501929D5DDE500B1FD15 /* CreateTask.swift in Sources */,
				C03E500729D5D7B600B1FD15 /* FarmilleApp.swift in Sources */,
				15C32CC729F84C16001D321A /* SkillMappingHelpView.swift in Sources */,
				157EB68329F5C68E0081BA5C /* Database.swift in Sources */,
				157EB68529F5D41A0081BA5C /* Components.swift in Sources */,
				C08CE75529DC6CEC001A8EFD /* IslandView.swift in Sources */,
			);
			runOnlyForDeploymentPostprocessing = 0;
		};
/* End PBXSourcesBuildPhase section */

/* Begin XCBuildConfiguration section */
		C03E500F29D5D7B700B1FD15 /* Debug */ = {
			isa = XCBuildConfiguration;
			buildSettings = {
				ALWAYS_SEARCH_USER_PATHS = NO;
				CLANG_ANALYZER_NONNULL = YES;
				CLANG_ANALYZER_NUMBER_OBJECT_CONVERSION = YES_AGGRESSIVE;
				CLANG_CXX_LANGUAGE_STANDARD = "gnu++20";
				CLANG_ENABLE_MODULES = YES;
				CLANG_ENABLE_OBJC_ARC = YES;
				CLANG_ENABLE_OBJC_WEAK = YES;
				CLANG_WARN_BLOCK_CAPTURE_AUTORELEASING = YES;
				CLANG_WARN_BOOL_CONVERSION = YES;
				CLANG_WARN_COMMA = YES;
				CLANG_WARN_CONSTANT_CONVERSION = YES;
				CLANG_WARN_DEPRECATED_OBJC_IMPLEMENTATIONS = YES;
				CLANG_WARN_DIRECT_OBJC_ISA_USAGE = YES_ERROR;
				CLANG_WARN_DOCUMENTATION_COMMENTS = YES;
				CLANG_WARN_EMPTY_BODY = YES;
				CLANG_WARN_ENUM_CONVERSION = YES;
				CLANG_WARN_INFINITE_RECURSION = YES;
				CLANG_WARN_INT_CONVERSION = YES;
				CLANG_WARN_NON_LITERAL_NULL_CONVERSION = YES;
				CLANG_WARN_OBJC_IMPLICIT_RETAIN_SELF = YES;
				CLANG_WARN_OBJC_LITERAL_CONVERSION = YES;
				CLANG_WARN_OBJC_ROOT_CLASS = YES_ERROR;
				CLANG_WARN_QUOTED_INCLUDE_IN_FRAMEWORK_HEADER = YES;
				CLANG_WARN_RANGE_LOOP_ANALYSIS = YES;
				CLANG_WARN_STRICT_PROTOTYPES = YES;
				CLANG_WARN_SUSPICIOUS_MOVE = YES;
				CLANG_WARN_UNGUARDED_AVAILABILITY = YES_AGGRESSIVE;
				CLANG_WARN_UNREACHABLE_CODE = YES;
				CLANG_WARN__DUPLICATE_METHOD_MATCH = YES;
				COPY_PHASE_STRIP = NO;
				DEBUG_INFORMATION_FORMAT = dwarf;
				ENABLE_STRICT_OBJC_MSGSEND = YES;
				ENABLE_TESTABILITY = YES;
				GCC_C_LANGUAGE_STANDARD = gnu11;
				GCC_DYNAMIC_NO_PIC = NO;
				GCC_NO_COMMON_BLOCKS = YES;
				GCC_OPTIMIZATION_LEVEL = 0;
				GCC_PREPROCESSOR_DEFINITIONS = (
					"DEBUG=1",
					"$(inherited)",
				);
				GCC_WARN_64_TO_32_BIT_CONVERSION = YES;
				GCC_WARN_ABOUT_RETURN_TYPE = YES_ERROR;
				GCC_WARN_UNDECLARED_SELECTOR = YES;
				GCC_WARN_UNINITIALIZED_AUTOS = YES_AGGRESSIVE;
				GCC_WARN_UNUSED_FUNCTION = YES;
				GCC_WARN_UNUSED_VARIABLE = YES;
				IPHONEOS_DEPLOYMENT_TARGET = 16.2;
				MTL_ENABLE_DEBUG_INFO = INCLUDE_SOURCE;
				MTL_FAST_MATH = YES;
				ONLY_ACTIVE_ARCH = YES;
				SDKROOT = iphoneos;
				SWIFT_ACTIVE_COMPILATION_CONDITIONS = DEBUG;
				SWIFT_OPTIMIZATION_LEVEL = "-Onone";
			};
			name = Debug;
		};
		C03E501029D5D7B700B1FD15 /* Release */ = {
			isa = XCBuildConfiguration;
			buildSettings = {
				ALWAYS_SEARCH_USER_PATHS = NO;
				CLANG_ANALYZER_NONNULL = YES;
				CLANG_ANALYZER_NUMBER_OBJECT_CONVERSION = YES_AGGRESSIVE;
				CLANG_CXX_LANGUAGE_STANDARD = "gnu++20";
				CLANG_ENABLE_MODULES = YES;
				CLANG_ENABLE_OBJC_ARC = YES;
				CLANG_ENABLE_OBJC_WEAK = YES;
				CLANG_WARN_BLOCK_CAPTURE_AUTORELEASING = YES;
				CLANG_WARN_BOOL_CONVERSION = YES;
				CLANG_WARN_COMMA = YES;
				CLANG_WARN_CONSTANT_CONVERSION = YES;
				CLANG_WARN_DEPRECATED_OBJC_IMPLEMENTATIONS = YES;
				CLANG_WARN_DIRECT_OBJC_ISA_USAGE = YES_ERROR;
				CLANG_WARN_DOCUMENTATION_COMMENTS = YES;
				CLANG_WARN_EMPTY_BODY = YES;
				CLANG_WARN_ENUM_CONVERSION = YES;
				CLANG_WARN_INFINITE_RECURSION = YES;
				CLANG_WARN_INT_CONVERSION = YES;
				CLANG_WARN_NON_LITERAL_NULL_CONVERSION = YES;
				CLANG_WARN_OBJC_IMPLICIT_RETAIN_SELF = YES;
				CLANG_WARN_OBJC_LITERAL_CONVERSION = YES;
				CLANG_WARN_OBJC_ROOT_CLASS = YES_ERROR;
				CLANG_WARN_QUOTED_INCLUDE_IN_FRAMEWORK_HEADER = YES;
				CLANG_WARN_RANGE_LOOP_ANALYSIS = YES;
				CLANG_WARN_STRICT_PROTOTYPES = YES;
				CLANG_WARN_SUSPICIOUS_MOVE = YES;
				CLANG_WARN_UNGUARDED_AVAILABILITY = YES_AGGRESSIVE;
				CLANG_WARN_UNREACHABLE_CODE = YES;
				CLANG_WARN__DUPLICATE_METHOD_MATCH = YES;
				COPY_PHASE_STRIP = NO;
				DEBUG_INFORMATION_FORMAT = "dwarf-with-dsym";
				ENABLE_NS_ASSERTIONS = NO;
				ENABLE_STRICT_OBJC_MSGSEND = YES;
				GCC_C_LANGUAGE_STANDARD = gnu11;
				GCC_NO_COMMON_BLOCKS = YES;
				GCC_WARN_64_TO_32_BIT_CONVERSION = YES;
				GCC_WARN_ABOUT_RETURN_TYPE = YES_ERROR;
				GCC_WARN_UNDECLARED_SELECTOR = YES;
				GCC_WARN_UNINITIALIZED_AUTOS = YES_AGGRESSIVE;
				GCC_WARN_UNUSED_FUNCTION = YES;
				GCC_WARN_UNUSED_VARIABLE = YES;
				IPHONEOS_DEPLOYMENT_TARGET = 16.2;
				MTL_ENABLE_DEBUG_INFO = NO;
				MTL_FAST_MATH = YES;
				SDKROOT = iphoneos;
				SWIFT_COMPILATION_MODE = wholemodule;
				SWIFT_OPTIMIZATION_LEVEL = "-O";
				VALIDATE_PRODUCT = YES;
			};
			name = Release;
		};
		C03E501229D5D7B700B1FD15 /* Debug */ = {
			isa = XCBuildConfiguration;
			buildSettings = {
				ASSETCATALOG_COMPILER_APPICON_NAME = AppIcon;
				ASSETCATALOG_COMPILER_GLOBAL_ACCENT_COLOR_NAME = AccentColor;
				CODE_SIGN_STYLE = Automatic;
				CURRENT_PROJECT_VERSION = 1;
				DEVELOPMENT_ASSET_PATHS = "\"Farmille/Preview Content\"";
				ENABLE_PREVIEWS = YES;
				GENERATE_INFOPLIST_FILE = YES;
				INFOPLIST_KEY_UIApplicationSceneManifest_Generation = YES;
				INFOPLIST_KEY_UIApplicationSupportsIndirectInputEvents = YES;
				INFOPLIST_KEY_UILaunchScreen_Generation = YES;
				INFOPLIST_KEY_UISupportedInterfaceOrientations_iPad = "UIInterfaceOrientationPortrait UIInterfaceOrientationPortraitUpsideDown UIInterfaceOrientationLandscapeLeft UIInterfaceOrientationLandscapeRight";
				INFOPLIST_KEY_UISupportedInterfaceOrientations_iPhone = "UIInterfaceOrientationPortrait UIInterfaceOrientationLandscapeLeft UIInterfaceOrientationLandscapeRight";
				LD_RUNPATH_SEARCH_PATHS = (
					"$(inherited)",
					"@executable_path/Frameworks",
				);
				MARKETING_VERSION = 1.0;
				PRODUCT_BUNDLE_IDENTIFIER = foundations.Farmille;
				PRODUCT_NAME = "$(TARGET_NAME)";
				SWIFT_EMIT_LOC_STRINGS = YES;
				SWIFT_VERSION = 5.0;
				TARGETED_DEVICE_FAMILY = "1,2";
			};
			name = Debug;
		};
		C03E501329D5D7B700B1FD15 /* Release */ = {
			isa = XCBuildConfiguration;
			buildSettings = {
				ASSETCATALOG_COMPILER_APPICON_NAME = AppIcon;
				ASSETCATALOG_COMPILER_GLOBAL_ACCENT_COLOR_NAME = AccentColor;
				CODE_SIGN_STYLE = Automatic;
				CURRENT_PROJECT_VERSION = 1;
				DEVELOPMENT_ASSET_PATHS = "\"Farmille/Preview Content\"";
				ENABLE_PREVIEWS = YES;
				GENERATE_INFOPLIST_FILE = YES;
				INFOPLIST_KEY_UIApplicationSceneManifest_Generation = YES;
				INFOPLIST_KEY_UIApplicationSupportsIndirectInputEvents = YES;
				INFOPLIST_KEY_UILaunchScreen_Generation = YES;
				INFOPLIST_KEY_UISupportedInterfaceOrientations_iPad = "UIInterfaceOrientationPortrait UIInterfaceOrientationPortraitUpsideDown UIInterfaceOrientationLandscapeLeft UIInterfaceOrientationLandscapeRight";
				INFOPLIST_KEY_UISupportedInterfaceOrientations_iPhone = "UIInterfaceOrientationPortrait UIInterfaceOrientationLandscapeLeft UIInterfaceOrientationLandscapeRight";
				LD_RUNPATH_SEARCH_PATHS = (
					"$(inherited)",
					"@executable_path/Frameworks",
				);
				MARKETING_VERSION = 1.0;
				PRODUCT_BUNDLE_IDENTIFIER = foundations.Farmille;
				PRODUCT_NAME = "$(TARGET_NAME)";
				SWIFT_EMIT_LOC_STRINGS = YES;
				SWIFT_VERSION = 5.0;
				TARGETED_DEVICE_FAMILY = "1,2";
			};
			name = Release;
		};
/* End XCBuildConfiguration section */

/* Begin XCConfigurationList section */
		C03E4FFE29D5D7B600B1FD15 /* Build configuration list for PBXProject "Farmille" */ = {
			isa = XCConfigurationList;
			buildConfigurations = (
				C03E500F29D5D7B700B1FD15 /* Debug */,
				C03E501029D5D7B700B1FD15 /* Release */,
			);
			defaultConfigurationIsVisible = 0;
			defaultConfigurationName = Release;
		};
		C03E501129D5D7B700B1FD15 /* Build configuration list for PBXNativeTarget "Farmille" */ = {
			isa = XCConfigurationList;
			buildConfigurations = (
				C03E501229D5D7B700B1FD15 /* Debug */,
				C03E501329D5D7B700B1FD15 /* Release */,
			);
			defaultConfigurationIsVisible = 0;
			defaultConfigurationName = Release;
		};
/* End XCConfigurationList section */

/* Begin XCRemoteSwiftPackageReference section */
		C05427E529F9C5B500886A99 /* XCRemoteSwiftPackageReference "FLAnimatedImage" */ = {
			isa = XCRemoteSwiftPackageReference;
			repositoryURL = "https://github.com/Flipboard/FLAnimatedImage";
			requirement = {
				kind = upToNextMajorVersion;
				minimumVersion = 1.0.0;
			};
		};
/* End XCRemoteSwiftPackageReference section */

/* Begin XCSwiftPackageProductDependency section */
		C05427E629F9C5B500886A99 /* FLAnimatedImage */ = {
			isa = XCSwiftPackageProductDependency;
			package = C05427E529F9C5B500886A99 /* XCRemoteSwiftPackageReference "FLAnimatedImage" */;
			productName = FLAnimatedImage;
		};
/* End XCSwiftPackageProductDependency section */
	};
	rootObject = C03E4FFB29D5D7B600B1FD15 /* Project object */;
}
